
Microsoft Visual Studio Solution File, Format Version 12.00
# Visual Studio Version 17
VisualStudioVersion = 17.0.31903.59
MinimumVisualStudioVersion = 10.0.40219.1
Project("{2150E333-8FDC-42A3-9474-1A3956D46DE8}") = "src", "src", "{11121431-1AEA-4C43-91B7-DA61637D8405}"
EndProject
Project("{FAE04EC0-301F-11D3-BF4B-00C04F79EFBC}") = "LlmGateway.Client", "src\LlmGateway.Client\LlmGateway.Client.csproj", "{8FE9497D-7366-48DC-817C-19DBDD76C5E7}"
EndProject
Project("{2150E333-8FDC-42A3-9474-1A3956D46DE8}") = "tests", "tests", "{B21DDDFE-E95A-4908-8CD2-B9BF2D15714B}"
EndProject
Project("{FAE04EC0-301F-11D3-BF4B-00C04F79EFBC}") = "LlmGateway.Client.Tests", "tests\LlmGateway.Client.Tests\LlmGateway.Client.Tests.csproj", "{A591B94A-1D08-421C-8BA5-DB6A32D59B6C}"
EndProject
Global
	GlobalSection(SolutionConfigurationPlatforms) = preSolution
		Debug|Any CPU = Debug|Any CPU
		Release|Any CPU = Release|Any CPU
	EndGlobalSection
	GlobalSection(SolutionProperties) = preSolution
		HideSolutionNode = FALSE
	EndGlobalSection
	GlobalSection(ProjectConfigurationPlatforms) = postSolution
		{8FE9497D-7366-48DC-817C-19DBDD76C5E7}.Debug|Any CPU.ActiveCfg = Debug|Any CPU
		{8FE9497D-7366-48DC-817C-19DBDD76C5E7}.Debug|Any CPU.Build.0 = Debug|Any CPU
		{8FE9497D-7366-48DC-817C-19DBDD76C5E7}.Release|Any CPU.ActiveCfg = Release|Any CPU
		{8FE9497D-7366-48DC-817C-19DBDD76C5E7}.Release|Any CPU.Build.0 = Release|Any CPU
		{A591B94A-1D08-421C-8BA5-DB6A32D59B6C}.Debug|Any CPU.ActiveCfg = Debug|Any CPU
		{A591B94A-1D08-421C-8BA5-DB6A32D59B6C}.Debug|Any CPU.Build.0 = Debug|Any CPU
		{A591B94A-1D08-421C-8BA5-DB6A32D59B6C}.Release|Any CPU.ActiveCfg = Release|Any CPU
		{A591B94A-1D08-421C-8BA5-DB6A32D59B6C}.Release|Any CPU.Build.0 = Release|Any CPU
	EndGlobalSection
	GlobalSection(NestedProjects) = preSolution
		{8FE9497D-7366-48DC-817C-19DBDD76C5E7} = {11121431-1AEA-4C43-91B7-DA61637D8405}
		{A591B94A-1D08-421C-8BA5-DB6A32D59B6C} = {B21DDDFE-E95A-4908-8CD2-B9BF2D15714B}
	EndGlobalSection
EndGlobal
